// !$*UTF8*$!
{
	archiveVersion = 1;
	classes = {
	};
	objectVersion = 48;
	objects = {

/* Begin PBXBuildFile section */
		610B2763204D90620061C770 /* Student.swift in Sources */ = {isa = PBXBuildFile; fileRef = 610B2762204D90620061C770 /* Student.swift */; };
		61C699DE204848A40082EEF3 /* ScanViewController.swift in Sources */ = {isa = PBXBuildFile; fileRef = 61C699DD204848A40082EEF3 /* ScanViewController.swift */; };
		61DDD94720499D4100F814C3 /* CloudKit.framework in Frameworks */ = {isa = PBXBuildFile; fileRef = 61DDD94620499D4100F814C3 /* CloudKit.framework */; };
		80FBE42F2048431F0064D464 /* AppDelegate.swift in Sources */ = {isa = PBXBuildFile; fileRef = 80FBE42E2048431F0064D464 /* AppDelegate.swift */; };
		80FBE4312048431F0064D464 /* ViewController.swift in Sources */ = {isa = PBXBuildFile; fileRef = 80FBE4302048431F0064D464 /* ViewController.swift */; };
		80FBE4342048431F0064D464 /* Main.storyboard in Resources */ = {isa = PBXBuildFile; fileRef = 80FBE4322048431F0064D464 /* Main.storyboard */; };
		80FBE4362048431F0064D464 /* Assets.xcassets in Resources */ = {isa = PBXBuildFile; fileRef = 80FBE4352048431F0064D464 /* Assets.xcassets */; };
		80FBE439204843200064D464 /* LaunchScreen.storyboard in Resources */ = {isa = PBXBuildFile; fileRef = 80FBE437204843200064D464 /* LaunchScreen.storyboard */; };
/* End PBXBuildFile section */

/* Begin PBXFileReference section */
		610B2762204D90620061C770 /* Student.swift */ = {isa = PBXFileReference; lastKnownFileType = sourcecode.swift; path = Student.swift; sourceTree = "<group>"; };
		61C699DD204848A40082EEF3 /* ScanViewController.swift */ = {isa = PBXFileReference; lastKnownFileType = sourcecode.swift; path = ScanViewController.swift; sourceTree = "<group>"; };
		61DDD944204999AD00F814C3 /* FakeRugby.entitlements */ = {isa = PBXFileReference; lastKnownFileType = text.plist.entitlements; path = FakeRugby.entitlements; sourceTree = "<group>"; };
		61DDD94620499D4100F814C3 /* CloudKit.framework */ = {isa = PBXFileReference; lastKnownFileType = wrapper.framework; name = CloudKit.framework; path = System/Library/Frameworks/CloudKit.framework; sourceTree = SDKROOT; };
		80FBE42B2048431F0064D464 /* FakeRugby.app */ = {isa = PBXFileReference; explicitFileType = wrapper.application; includeInIndex = 0; path = FakeRugby.app; sourceTree = BUILT_PRODUCTS_DIR; };
		80FBE42E2048431F0064D464 /* AppDelegate.swift */ = {isa = PBXFileReference; lastKnownFileType = sourcecode.swift; path = AppDelegate.swift; sourceTree = "<group>"; };
		80FBE4302048431F0064D464 /* ViewController.swift */ = {isa = PBXFileReference; lastKnownFileType = sourcecode.swift; path = ViewController.swift; sourceTree = "<group>"; };
		80FBE4332048431F0064D464 /* Base */ = {isa = PBXFileReference; lastKnownFileType = file.storyboard; name = Base; path = Base.lproj/Main.storyboard; sourceTree = "<group>"; };
		80FBE4352048431F0064D464 /* Assets.xcassets */ = {isa = PBXFileReference; lastKnownFileType = folder.assetcatalog; path = Assets.xcassets; sourceTree = "<group>"; };
		80FBE438204843200064D464 /* Base */ = {isa = PBXFileReference; lastKnownFileType = file.storyboard; name = Base; path = Base.lproj/LaunchScreen.storyboard; sourceTree = "<group>"; };
		80FBE43A204843200064D464 /* Info.plist */ = {isa = PBXFileReference; lastKnownFileType = text.plist.xml; path = Info.plist; sourceTree = "<group>"; };
/* End PBXFileReference section */

/* Begin PBXFrameworksBuildPhase section */
		80FBE4282048431F0064D464 /* Frameworks */ = {
			isa = PBXFrameworksBuildPhase;
			buildActionMask = 2147483647;
			files = (
				61DDD94720499D4100F814C3 /* CloudKit.framework in Frameworks */,
			);
			runOnlyForDeploymentPostprocessing = 0;
		};
/* End PBXFrameworksBuildPhase section */

/* Begin PBXGroup section */
		61DDD94520499D4100F814C3 /* Frameworks */ = {
			isa = PBXGroup;
			children = (
				61DDD94620499D4100F814C3 /* CloudKit.framework */,
			);
			name = Frameworks;
			sourceTree = "<group>";
		};
		80FBE4222048431F0064D464 = {
			isa = PBXGroup;
			children = (
				80FBE42D2048431F0064D464 /* FakeRugby */,
				80FBE42C2048431F0064D464 /* Products */,
				61DDD94520499D4100F814C3 /* Frameworks */,
			);
			sourceTree = "<group>";
		};
		80FBE42C2048431F0064D464 /* Products */ = {
			isa = PBXGroup;
			children = (
				80FBE42B2048431F0064D464 /* FakeRugby.app */,
			);
			name = Products;
			sourceTree = "<group>";
		};
		80FBE42D2048431F0064D464 /* FakeRugby */ = {
			isa = PBXGroup;
			children = (
				61DDD944204999AD00F814C3 /* FakeRugby.entitlements */,
				80FBE42E2048431F0064D464 /* AppDelegate.swift */,
				80FBE4302048431F0064D464 /* ViewController.swift */,
				80FBE4322048431F0064D464 /* Main.storyboard */,
				61C699DD204848A40082EEF3 /* ScanViewController.swift */,
				610B2762204D90620061C770 /* Student.swift */,
				80FBE4352048431F0064D464 /* Assets.xcassets */,
				80FBE437204843200064D464 /* LaunchScreen.storyboard */,
				80FBE43A204843200064D464 /* Info.plist */,
			);
			path = FakeRugby;
			sourceTree = "<group>";
		};
/* End PBXGroup section */

/* Begin PBXNativeTarget section */
		80FBE42A2048431F0064D464 /* FakeRugby */ = {
			isa = PBXNativeTarget;
			buildConfigurationList = 80FBE43D204843200064D464 /* Build configuration list for PBXNativeTarget "FakeRugby" */;
			buildPhases = (
				80FBE4272048431F0064D464 /* Sources */,
				80FBE4282048431F0064D464 /* Frameworks */,
				80FBE4292048431F0064D464 /* Resources */,
			);
			buildRules = (
			);
			dependencies = (
			);
			name = FakeRugby;
			productName = FakeRugby;
			productReference = 80FBE42B2048431F0064D464 /* FakeRugby.app */;
			productType = "com.apple.product-type.application";
		};
/* End PBXNativeTarget section */

/* Begin PBXProject section */
		80FBE4232048431F0064D464 /* Project object */ = {
			isa = PBXProject;
			attributes = {
				LastSwiftUpdateCheck = 0920;
				LastUpgradeCheck = 0920;
				ORGANIZATIONNAME = "Michal Juscinski";
				TargetAttributes = {
					80FBE42A2048431F0064D464 = {
						CreatedOnToolsVersion = 9.2;
						ProvisioningStyle = Automatic;
						SystemCapabilities = {
							com.apple.Push = {
								enabled = 1;
							};
							com.apple.iCloud = {
								enabled = 1;
							};
						};
					};
				};
			};
			buildConfigurationList = 80FBE4262048431F0064D464 /* Build configuration list for PBXProject "FakeRugby" */;
			compatibilityVersion = "Xcode 8.0";
			developmentRegion = en;
			hasScannedForEncodings = 0;
			knownRegions = (
				en,
				Base,
			);
			mainGroup = 80FBE4222048431F0064D464;
			productRefGroup = 80FBE42C2048431F0064D464 /* Products */;
			projectDirPath = "";
			projectRoot = "";
			targets = (
				80FBE42A2048431F0064D464 /* FakeRugby */,
			);
		};
/* End PBXProject section */

/* Begin PBXResourcesBuildPhase section */
		80FBE4292048431F0064D464 /* Resources */ = {
			isa = PBXResourcesBuildPhase;
			buildActionMask = 2147483647;
			files = (
				80FBE439204843200064D464 /* LaunchScreen.storyboard in Resources */,
				80FBE4362048431F0064D464 /* Assets.xcassets in Resources */,
				80FBE4342048431F0064D464 /* Main.storyboard in Resources */,
			);
			runOnlyForDeploymentPostprocessing = 0;
		};
/* End PBXResourcesBuildPhase section */

/* Begin PBXSourcesBuildPhase section */
		80FBE4272048431F0064D464 /* Sources */ = {
			isa = PBXSourcesBuildPhase;
			buildActionMask = 2147483647;
			files = (
				80FBE4312048431F0064D464 /* ViewController.swift in Sources */,
				80FBE42F2048431F0064D464 /* AppDelegate.swift in Sources */,
				61C699DE204848A40082EEF3 /* ScanViewController.swift in Sources */,
				610B2763204D90620061C770 /* Student.swift in Sources */,
			);
			runOnlyForDeploymentPostprocessing = 0;
		};
/* End PBXSourcesBuildPhase section */

/* Begin PBXVariantGroup section */
		80FBE4322048431F0064D464 /* Main.storyboard */ = {
			isa = PBXVariantGroup;
			children = (
				80FBE4332048431F0064D464 /* Base */,
			);
			name = Main.storyboard;
			sourceTree = "<group>";
		};
		80FBE437204843200064D464 /* LaunchScreen.storyboard */ = {
			isa = PBXVariantGroup;
			children = (
				80FBE438204843200064D464 /* Base */,
			);
			name = LaunchScreen.storyboard;
			sourceTree = "<group>";
		};
/* End PBXVariantGroup section */

/* Begin XCBuildConfiguration section */
		80FBE43B204843200064D464 /* Debug */ = {
			isa = XCBuildConfiguration;
			buildSettings = {
				ALWAYS_SEARCH_USER_PATHS = NO;
				CLANG_ANALYZER_NONNULL = YES;
				CLANG_ANALYZER_NUMBER_OBJECT_CONVERSION = YES_AGGRESSIVE;
				CLANG_CXX_LANGUAGE_STANDARD = "gnu++14";
				CLANG_CXX_LIBRARY = "libc++";
				CLANG_ENABLE_MODULES = YES;
				CLANG_ENABLE_OBJC_ARC = YES;
				CLANG_WARN_BLOCK_CAPTURE_AUTORELEASING = YES;
				CLANG_WARN_BOOL_CONVERSION = YES;
				CLANG_WARN_COMMA = YES;
				CLANG_WARN_CONSTANT_CONVERSION = YES;
				CLANG_WARN_DIRECT_OBJC_ISA_USAGE = YES_ERROR;
				CLANG_WARN_DOCUMENTATION_COMMENTS = YES;
				CLANG_WARN_EMPTY_BODY = YES;
				CLANG_WARN_ENUM_CONVERSION = YES;
				CLANG_WARN_INFINITE_RECURSION = YES;
				CLANG_WARN_INT_CONVERSION = YES;
				CLANG_WARN_NON_LITERAL_NULL_CONVERSION = YES;
				CLANG_WARN_OBJC_LITERAL_CONVERSION = YES;
				CLANG_WARN_OBJC_ROOT_CLASS = YES_ERROR;
				CLANG_WARN_RANGE_LOOP_ANALYSIS = YES;
				CLANG_WARN_STRICT_PROTOTYPES = YES;
				CLANG_WARN_SUSPICIOUS_MOVE = YES;
				CLANG_WARN_UNGUARDED_AVAILABILITY = YES_AGGRESSIVE;
				CLANG_WARN_UNREACHABLE_CODE = YES;
				CLANG_WARN__DUPLICATE_METHOD_MATCH = YES;
				CODE_SIGN_IDENTITY = "iPhone Developer";
				COPY_PHASE_STRIP = NO;
				DEBUG_INFORMATION_FORMAT = dwarf;
				ENABLE_STRICT_OBJC_MSGSEND = YES;
				ENABLE_TESTABILITY = YES;
				GCC_C_LANGUAGE_STANDARD = gnu11;
				GCC_DYNAMIC_NO_PIC = NO;
				GCC_NO_COMMON_BLOCKS = YES;
				GCC_OPTIMIZATION_LEVEL = 0;
				GCC_PREPROCESSOR_DEFINITIONS = (
					"DEBUG=1",
					"$(inherited)",
				);
				GCC_WARN_64_TO_32_BIT_CONVERSION = YES;
				GCC_WARN_ABOUT_RETURN_TYPE = YES_ERROR;
				GCC_WARN_UNDECLARED_SELECTOR = YES;
				GCC_WARN_UNINITIALIZED_AUTOS = YES_AGGRESSIVE;
				GCC_WARN_UNUSED_FUNCTION = YES;
				GCC_WARN_UNUSED_VARIABLE = YES;
				IPHONEOS_DEPLOYMENT_TARGET = 11.2;
				MTL_ENABLE_DEBUG_INFO = YES;
				ONLY_ACTIVE_ARCH = YES;
				SDKROOT = iphoneos;
				SWIFT_ACTIVE_COMPILATION_CONDITIONS = DEBUG;
				SWIFT_OPTIMIZATION_LEVEL = "-Onone";
			};
			name = Debug;
		};
		80FBE43C204843200064D464 /* Release */ = {
			isa = XCBuildConfiguration;
			buildSettings = {
				ALWAYS_SEARCH_USER_PATHS = NO;
				CLANG_ANALYZER_NONNULL = YES;
				CLANG_ANALYZER_NUMBER_OBJECT_CONVERSION = YES_AGGRESSIVE;
				CLANG_CXX_LANGUAGE_STANDARD = "gnu++14";
				CLANG_CXX_LIBRARY = "libc++";
				CLANG_ENABLE_MODULES = YES;
				CLANG_ENABLE_OBJC_ARC = YES;
				CLANG_WARN_BLOCK_CAPTURE_AUTORELEASING = YES;
				CLANG_WARN_BOOL_CONVERSION = YES;
				CLANG_WARN_COMMA = YES;
				CLANG_WARN_CONSTANT_CONVERSION = YES;
				CLANG_WARN_DIRECT_OBJC_ISA_USAGE = YES_ERROR;
				CLANG_WARN_DOCUMENTATION_COMMENTS = YES;
				CLANG_WARN_EMPTY_BODY = YES;
				CLANG_WARN_ENUM_CONVERSION = YES;
				CLANG_WARN_INFINITE_RECURSION = YES;
				CLANG_WARN_INT_CONVERSION = YES;
				CLANG_WARN_NON_LITERAL_NULL_CONVERSION = YES;
				CLANG_WARN_OBJC_LITERAL_CONVERSION = YES;
				CLANG_WARN_OBJC_ROOT_CLASS = YES_ERROR;
				CLANG_WARN_RANGE_LOOP_ANALYSIS = YES;
				CLANG_WARN_STRICT_PROTOTYPES = YES;
				CLANG_WARN_SUSPICIOUS_MOVE = YES;
				CLANG_WARN_UNGUARDED_AVAILABILITY = YES_AGGRESSIVE;
				CLANG_WARN_UNREACHABLE_CODE = YES;
				CLANG_WARN__DUPLICATE_METHOD_MATCH = YES;
				CODE_SIGN_IDENTITY = "iPhone Developer";
				COPY_PHASE_STRIP = NO;
				DEBUG_INFORMATION_FORMAT = "dwarf-with-dsym";
				ENABLE_NS_ASSERTIONS = NO;
				ENABLE_STRICT_OBJC_MSGSEND = YES;
				GCC_C_LANGUAGE_STANDARD = gnu11;
				GCC_NO_COMMON_BLOCKS = YES;
				GCC_WARN_64_TO_32_BIT_CONVERSION = YES;
				GCC_WARN_ABOUT_RETURN_TYPE = YES_ERROR;
				GCC_WARN_UNDECLARED_SELECTOR = YES;
				GCC_WARN_UNINITIALIZED_AUTOS = YES_AGGRESSIVE;
				GCC_WARN_UNUSED_FUNCTION = YES;
				GCC_WARN_UNUSED_VARIABLE = YES;
				IPHONEOS_DEPLOYMENT_TARGET = 11.2;
				MTL_ENABLE_DEBUG_INFO = NO;
				SDKROOT = iphoneos;
				SWIFT_OPTIMIZATION_LEVEL = "-Owholemodule";
				VALIDATE_PRODUCT = YES;
			};
			name = Release;
		};
		80FBE43E204843200064D464 /* Debug */ = {
			isa = XCBuildConfiguration;
			buildSettings = {
				ASSETCATALOG_COMPILER_APPICON_NAME = AppIcon;
				CODE_SIGN_ENTITLEMENTS = FakeRugby/FakeRugby.entitlements;
				CODE_SIGN_STYLE = Automatic;
				DEVELOPMENT_TEAM = BWYT76Q3DS;
				INFOPLIST_FILE = FakeRugby/Info.plist;
				LD_RUNPATH_SEARCH_PATHS = "$(inherited) @executable_path/Frameworks";
				PRODUCT_BUNDLE_IDENTIFIER = jhhs.teamUmiZoomi.FakeRugby;
				PRODUCT_NAME = "$(TARGET_NAME)";
				SWIFT_VERSION = 4.0;
				TARGETED_DEVICE_FAMILY = "1,2";
			};
			name = Debug;
		};
		80FBE43F204843200064D464 /* Release */ = {
			isa = XCBuildConfiguration;
			buildSettings = {
				ASSETCATALOG_COMPILER_APPICON_NAME = AppIcon;
				CODE_SIGN_ENTITLEMENTS = FakeRugby/FakeRugby.entitlements;
				CODE_SIGN_STYLE = Automatic;
				DEVELOPMENT_TEAM = BWYT76Q3DS;
				INFOPLIST_FILE = FakeRugby/Info.plist;
				LD_RUNPATH_SEARCH_PATHS = "$(inherited) @executable_path/Frameworks";
				PRODUCT_BUNDLE_IDENTIFIER = jhhs.teamUmiZoomi.FakeRugby;
				PRODUCT_NAME = "$(TARGET_NAME)";
				SWIFT_VERSION = 4.0;
				TARGETED_DEVICE_FAMILY = "1,2";
			};
			name = Release;
		};
/* End XCBuildConfiguration section */

/* Begin XCConfigurationList section */
		80FBE4262048431F0064D464 /* Build configuration list for PBXProject "FakeRugby" */ = {
			isa = XCConfigurationList;
			buildConfigurations = (
				80FBE43B204843200064D464 /* Debug */,
				80FBE43C204843200064D464 /* Release */,
			);
			defaultConfigurationIsVisible = 0;
			defaultConfigurationName = Release;
		};
		80FBE43D204843200064D464 /* Build configuration list for PBXNativeTarget "FakeRugby" */ = {
			isa = XCConfigurationList;
			buildConfigurations = (
				80FBE43E204843200064D464 /* Debug */,
				80FBE43F204843200064D464 /* Release */,
			);
			defaultConfigurationIsVisible = 0;
			defaultConfigurationName = Release;
		};
/* End XCConfigurationList section */
	};
	rootObject = 80FBE4232048431F0064D464 /* Project object */;
}
